
Microsoft Visual Studio Solution File, Format Version 12.00
# Visual Studio Version 17
VisualStudioVersion = 17.5.002.0
MinimumVisualStudioVersion = 10.0.40219.1
Project("{9A19103F-16F7-4668-BE54-9A1E7A4F7556}") = "josevitorads", "josevitorads.csproj", "{90B88657-F4E9-42DD-82A4-FFD8A3AF6A70}"
EndProject
Global
	GlobalSection(SolutionConfigurationPlatforms) = preSolution
		Debug|Any CPU = Debug|Any CPU
		Release|Any CPU = Release|Any CPU
	EndGlobalSection
	GlobalSection(ProjectConfigurationPlatforms) = postSolution
		{90B88657-F4E9-42DD-82A4-FFD8A3AF6A70}.Debug|Any CPU.ActiveCfg = Debug|Any CPU
		{90B88657-F4E9-42DD-82A4-FFD8A3AF6A70}.Debug|Any CPU.Build.0 = Debug|Any CPU
		{90B88657-F4E9-42DD-82A4-FFD8A3AF6A70}.Release|Any CPU.ActiveCfg = Release|Any CPU
		{90B88657-F4E9-42DD-82A4-FFD8A3AF6A70}.Release|Any CPU.Build.0 = Release|Any CPU
	EndGlobalSection
	GlobalSection(SolutionProperties) = preSolution
		HideSolutionNode = FALSE
	EndGlobalSection
	GlobalSection(ExtensibilityGlobals) = postSolution
		SolutionGuid = {971A4C87-827B-4874-A96F-8B0A75297934}
	EndGlobalSection
EndGlobal
